
Microsoft Visual Studio Solution File, Format Version 12.00
# Visual Studio Version 17
VisualStudioVersion = 17.4.33213.308
MinimumVisualStudioVersion = 10.0.40219.1
Project("{9A19103F-16F7-4668-BE54-9A1E7A4F7556}") = "OrderApp.Server", "OrderApp\Server\OrderApp.Server.csproj", "{0ED76909-E188-42C6-9B68-9CE633BE9B01}"
EndProject
Project("{9A19103F-16F7-4668-BE54-9A1E7A4F7556}") = "OrderApp.Client", "OrderApp\Client\OrderApp.Client.csproj", "{07C991BA-0DAC-4F67-9867-9C585D6729AF}"
EndProject
Project("{9A19103F-16F7-4668-BE54-9A1E7A4F7556}") = "OrderApp.Shared", "OrderApp\Shared\OrderApp.Shared.csproj", "{AF7E797A-2D7A-44E1-ADC6-B6DB32A958BF}"
EndProject
Global
	GlobalSection(SolutionConfigurationPlatforms) = preSolution
		Debug|Any CPU = Debug|Any CPU
		Release|Any CPU = Release|Any CPU
	EndGlobalSection
	GlobalSection(ProjectConfigurationPlatforms) = postSolution
		{0ED76909-E188-42C6-9B68-9CE633BE9B01}.Debug|Any CPU.ActiveCfg = Debug|Any CPU
		{0ED76909-E188-42C6-9B68-9CE633BE9B01}.Debug|Any CPU.Build.0 = Debug|Any CPU
		{0ED76909-E188-42C6-9B68-9CE633BE9B01}.Release|Any CPU.ActiveCfg = Release|Any CPU
		{0ED76909-E188-42C6-9B68-9CE633BE9B01}.Release|Any CPU.Build.0 = Release|Any CPU
		{07C991BA-0DAC-4F67-9867-9C585D6729AF}.Debug|Any CPU.ActiveCfg = Debug|Any CPU
		{07C991BA-0DAC-4F67-9867-9C585D6729AF}.Debug|Any CPU.Build.0 = Debug|Any CPU
		{07C991BA-0DAC-4F67-9867-9C585D6729AF}.Release|Any CPU.ActiveCfg = Release|Any CPU
		{07C991BA-0DAC-4F67-9867-9C585D6729AF}.Release|Any CPU.Build.0 = Release|Any CPU
		{AF7E797A-2D7A-44E1-ADC6-B6DB32A958BF}.Debug|Any CPU.ActiveCfg = Debug|Any CPU
		{AF7E797A-2D7A-44E1-ADC6-B6DB32A958BF}.Debug|Any CPU.Build.0 = Debug|Any CPU
		{AF7E797A-2D7A-44E1-ADC6-B6DB32A958BF}.Release|Any CPU.ActiveCfg = Release|Any CPU
		{AF7E797A-2D7A-44E1-ADC6-B6DB32A958BF}.Release|Any CPU.Build.0 = Release|Any CPU
	EndGlobalSection
	GlobalSection(SolutionProperties) = preSolution
		HideSolutionNode = FALSE
	EndGlobalSection
	GlobalSection(ExtensibilityGlobals) = postSolution
		SolutionGuid = {AFD1F2E6-F726-4F3F-AE7E-DD57818910F8}
	EndGlobalSection
EndGlobal
